PODS:
  - SDL2 (1.0.7):
    - SDL2/SDL (= 1.0.7)
    - SDL2/SDL2 (= 1.0.7)
  - SDL2/SDL (1.0.7)
  - SDL2/SDL2 (1.0.7):
    - SDL2/SDL

DEPENDENCIES:
  - SDL2 (from `../`)

EXTERNAL SOURCES:
  SDL2:
    :path: "../"

SPEC CHECKSUMS:
  SDL2: 6958239cd6ac49906be70cd75b8c2a668ab78f63

PODFILE CHECKSUM: 57e616a6b1f4e624352c1930700fd83b7b7474b4

COCOAPODS: 1.10.1
