PODS:
  - SDL2 (1.0.7):
    - SDL2/SDL (= 1.0.7)
    - SDL2/SDL2 (= 1.0.7)
  - SDL2/SDL (1.0.7)
  - SDL2/SDL2 (1.0.7):
    - SDL2/SDL

DEPENDENCIES:
  - SDL2 (from `../`)

EXTERNAL SOURCES:
  SDL2:
    :path: "../"

SPEC CHECKSUMS:
  SDL2: ed116c8cab3ff9245cc59d85cbe0c3f5b18e82ed

PODFILE CHECKSUM: 57e616a6b1f4e624352c1930700fd83b7b7474b4

COCOAPODS: 1.10.1
